// !$*UTF8*$!
{
	archiveVersion = 1;
	classes = {
	};
	objectVersion = 50;
	objects = {

/* Begin PBXBuildFile section */
		EC1A377225C369B80076C82A /* PromilleLabel.swift in Sources */ = {isa = PBXBuildFile; fileRef = EC1A377125C369B80076C82A /* PromilleLabel.swift */; };
		EC31484B25C491580049E125 /* MockData.swift in Sources */ = {isa = PBXBuildFile; fileRef = EC31484A25C491580049E125 /* MockData.swift */; };
		EC31484E25C492020049E125 /* ButtonsCell.swift in Sources */ = {isa = PBXBuildFile; fileRef = EC31484D25C492020049E125 /* ButtonsCell.swift */; };
		EC3F655025C0C763009AB5BE /* FriendCell.swift in Sources */ = {isa = PBXBuildFile; fileRef = EC3F654F25C0C763009AB5BE /* FriendCell.swift */; };
		EC4BA95225C37E80003A75F3 /* DTButton.swift in Sources */ = {isa = PBXBuildFile; fileRef = EC4BA95125C37E80003A75F3 /* DTButton.swift */; };
		EC71152925AE0EF10061C9BA /* SectionHeader.swift in Sources */ = {isa = PBXBuildFile; fileRef = EC71152825AE0EF10061C9BA /* SectionHeader.swift */; };
		EC71152C25AE6A650061C9BA /* StatBoxCell.swift in Sources */ = {isa = PBXBuildFile; fileRef = EC71152B25AE6A650061C9BA /* StatBoxCell.swift */; };
		ECEE4A9125AA5BB600D767E9 /* AppDelegate.swift in Sources */ = {isa = PBXBuildFile; fileRef = ECEE4A9025AA5BB600D767E9 /* AppDelegate.swift */; };
		ECEE4A9325AA5BB600D767E9 /* SceneDelegate.swift in Sources */ = {isa = PBXBuildFile; fileRef = ECEE4A9225AA5BB600D767E9 /* SceneDelegate.swift */; };
		ECEE4A9525AA5BB600D767E9 /* ViewController.swift in Sources */ = {isa = PBXBuildFile; fileRef = ECEE4A9425AA5BB600D767E9 /* ViewController.swift */; };
		ECEE4A9A25AA5BB700D767E9 /* Assets.xcassets in Resources */ = {isa = PBXBuildFile; fileRef = ECEE4A9925AA5BB700D767E9 /* Assets.xcassets */; };
		ECEE4A9D25AA5BB700D767E9 /* LaunchScreen.storyboard in Resources */ = {isa = PBXBuildFile; fileRef = ECEE4A9B25AA5BB700D767E9 /* LaunchScreen.storyboard */; };
		ECEE4AA825AA5C9000D767E9 /* TabBar.swift in Sources */ = {isa = PBXBuildFile; fileRef = ECEE4AA725AA5C9000D767E9 /* TabBar.swift */; };
		ECEE4AAC25AA5F0500D767E9 /* Constants.swift in Sources */ = {isa = PBXBuildFile; fileRef = ECEE4AAB25AA5F0500D767E9 /* Constants.swift */; };
		ECEE4AAF25AA63C600D767E9 /* TrackerVC.swift in Sources */ = {isa = PBXBuildFile; fileRef = ECEE4AAE25AA63C600D767E9 /* TrackerVC.swift */; };
		ECEE4AB225AA648900D767E9 /* StatisticsVC.swift in Sources */ = {isa = PBXBuildFile; fileRef = ECEE4AB125AA648900D767E9 /* StatisticsVC.swift */; };
		ECEE4AB525AA65A100D767E9 /* SettingsVC.swift in Sources */ = {isa = PBXBuildFile; fileRef = ECEE4AB425AA65A100D767E9 /* SettingsVC.swift */; };
		ECF92E6C25AD16B60072F92C /* SelfConfiguringCell.swift in Sources */ = {isa = PBXBuildFile; fileRef = ECF92E6B25AD16B60072F92C /* SelfConfiguringCell.swift */; };
		ECF92E6F25AD172E0072F92C /* PromilleCell.swift in Sources */ = {isa = PBXBuildFile; fileRef = ECF92E6E25AD172E0072F92C /* PromilleCell.swift */; };
		ECF92E7425AD23080072F92C /* Section.swift in Sources */ = {isa = PBXBuildFile; fileRef = ECF92E7325AD23080072F92C /* Section.swift */; };
		ECF92E7725AD237D0072F92C /* Container.swift in Sources */ = {isa = PBXBuildFile; fileRef = ECF92E7625AD237D0072F92C /* Container.swift */; };
/* End PBXBuildFile section */

/* Begin PBXFileReference section */
		EC1A377125C369B80076C82A /* PromilleLabel.swift */ = {isa = PBXFileReference; lastKnownFileType = sourcecode.swift; path = PromilleLabel.swift; sourceTree = "<group>"; };
		EC31484A25C491580049E125 /* MockData.swift */ = {isa = PBXFileReference; lastKnownFileType = sourcecode.swift; path = MockData.swift; sourceTree = "<group>"; };
		EC31484D25C492020049E125 /* ButtonsCell.swift */ = {isa = PBXFileReference; lastKnownFileType = sourcecode.swift; path = ButtonsCell.swift; sourceTree = "<group>"; };
		EC3F654F25C0C763009AB5BE /* FriendCell.swift */ = {isa = PBXFileReference; lastKnownFileType = sourcecode.swift; path = FriendCell.swift; sourceTree = "<group>"; };
		EC4BA95125C37E80003A75F3 /* DTButton.swift */ = {isa = PBXFileReference; lastKnownFileType = sourcecode.swift; path = DTButton.swift; sourceTree = "<group>"; };
		EC71152825AE0EF10061C9BA /* SectionHeader.swift */ = {isa = PBXFileReference; lastKnownFileType = sourcecode.swift; path = SectionHeader.swift; sourceTree = "<group>"; };
		EC71152B25AE6A650061C9BA /* StatBoxCell.swift */ = {isa = PBXFileReference; lastKnownFileType = sourcecode.swift; path = StatBoxCell.swift; sourceTree = "<group>"; };
		ECEE4A8D25AA5BB600D767E9 /* DrinkTracker.app */ = {isa = PBXFileReference; explicitFileType = wrapper.application; includeInIndex = 0; path = DrinkTracker.app; sourceTree = BUILT_PRODUCTS_DIR; };
		ECEE4A9025AA5BB600D767E9 /* AppDelegate.swift */ = {isa = PBXFileReference; lastKnownFileType = sourcecode.swift; path = AppDelegate.swift; sourceTree = "<group>"; };
		ECEE4A9225AA5BB600D767E9 /* SceneDelegate.swift */ = {isa = PBXFileReference; lastKnownFileType = sourcecode.swift; path = SceneDelegate.swift; sourceTree = "<group>"; };
		ECEE4A9425AA5BB600D767E9 /* ViewController.swift */ = {isa = PBXFileReference; lastKnownFileType = sourcecode.swift; path = ViewController.swift; sourceTree = "<group>"; };
		ECEE4A9925AA5BB700D767E9 /* Assets.xcassets */ = {isa = PBXFileReference; lastKnownFileType = folder.assetcatalog; path = Assets.xcassets; sourceTree = "<group>"; };
		ECEE4A9C25AA5BB700D767E9 /* Base */ = {isa = PBXFileReference; lastKnownFileType = file.storyboard; name = Base; path = Base.lproj/LaunchScreen.storyboard; sourceTree = "<group>"; };
		ECEE4A9E25AA5BB700D767E9 /* Info.plist */ = {isa = PBXFileReference; lastKnownFileType = text.plist.xml; path = Info.plist; sourceTree = "<group>"; };
		ECEE4AA725AA5C9000D767E9 /* TabBar.swift */ = {isa = PBXFileReference; lastKnownFileType = sourcecode.swift; path = TabBar.swift; sourceTree = "<group>"; };
		ECEE4AAB25AA5F0500D767E9 /* Constants.swift */ = {isa = PBXFileReference; lastKnownFileType = sourcecode.swift; path = Constants.swift; sourceTree = "<group>"; };
		ECEE4AAE25AA63C600D767E9 /* TrackerVC.swift */ = {isa = PBXFileReference; lastKnownFileType = sourcecode.swift; path = TrackerVC.swift; sourceTree = "<group>"; };
		ECEE4AB125AA648900D767E9 /* StatisticsVC.swift */ = {isa = PBXFileReference; lastKnownFileType = sourcecode.swift; path = StatisticsVC.swift; sourceTree = "<group>"; };
		ECEE4AB425AA65A100D767E9 /* SettingsVC.swift */ = {isa = PBXFileReference; lastKnownFileType = sourcecode.swift; path = SettingsVC.swift; sourceTree = "<group>"; };
		ECF92E6B25AD16B60072F92C /* SelfConfiguringCell.swift */ = {isa = PBXFileReference; lastKnownFileType = sourcecode.swift; path = SelfConfiguringCell.swift; sourceTree = "<group>"; };
		ECF92E6E25AD172E0072F92C /* PromilleCell.swift */ = {isa = PBXFileReference; lastKnownFileType = sourcecode.swift; path = PromilleCell.swift; sourceTree = "<group>"; };
		ECF92E7325AD23080072F92C /* Section.swift */ = {isa = PBXFileReference; lastKnownFileType = sourcecode.swift; path = Section.swift; sourceTree = "<group>"; };
		ECF92E7625AD237D0072F92C /* Container.swift */ = {isa = PBXFileReference; lastKnownFileType = sourcecode.swift; path = Container.swift; sourceTree = "<group>"; };
/* End PBXFileReference section */

/* Begin PBXFrameworksBuildPhase section */
		ECEE4A8A25AA5BB500D767E9 /* Frameworks */ = {
			isa = PBXFrameworksBuildPhase;
			buildActionMask = 2147483647;
			files = (
			);
			runOnlyForDeploymentPostprocessing = 0;
		};
/* End PBXFrameworksBuildPhase section */

/* Begin PBXGroup section */
		EC1A377025C369710076C82A /* Items */ = {
			isa = PBXGroup;
			children = (
				EC1A377125C369B80076C82A /* PromilleLabel.swift */,
				EC4BA95125C37E80003A75F3 /* DTButton.swift */,
			);
			path = Items;
			sourceTree = "<group>";
		};
		EC31484525C4912C0049E125 /* Data */ = {
			isa = PBXGroup;
			children = (
				EC31484A25C491580049E125 /* MockData.swift */,
			);
			path = Data;
			sourceTree = "<group>";
		};
		ECEE4A8425AA5BB500D767E9 = {
			isa = PBXGroup;
			children = (
				ECEE4A8F25AA5BB600D767E9 /* DrinkTracker */,
				ECEE4A8E25AA5BB600D767E9 /* Products */,
			);
			sourceTree = "<group>";
		};
		ECEE4A8E25AA5BB600D767E9 /* Products */ = {
			isa = PBXGroup;
			children = (
				ECEE4A8D25AA5BB600D767E9 /* DrinkTracker.app */,
			);
			name = Products;
			sourceTree = "<group>";
		};
		ECEE4A8F25AA5BB600D767E9 /* DrinkTracker */ = {
			isa = PBXGroup;
			children = (
				ECEE4A9025AA5BB600D767E9 /* AppDelegate.swift */,
				ECEE4A9225AA5BB600D767E9 /* SceneDelegate.swift */,
				ECEE4A9425AA5BB600D767E9 /* ViewController.swift */,
				ECEE4A9925AA5BB700D767E9 /* Assets.xcassets */,
				ECEE4A9B25AA5BB700D767E9 /* LaunchScreen.storyboard */,
				ECEE4A9E25AA5BB700D767E9 /* Info.plist */,
				ECEE4ABC25AA76F900D767E9 /* Navigation */,
				ECEE4AB725AA660A00D767E9 /* ViewControllers */,
				ECEE4ABA25AA76A500D767E9 /* CollectionViews */,
				EC1A377025C369710076C82A /* Items */,
				EC31484525C4912C0049E125 /* Data */,
				ECEE4ABB25AA76BC00D767E9 /* Tools */,
			);
			path = DrinkTracker;
			sourceTree = "<group>";
		};
		ECEE4AB725AA660A00D767E9 /* ViewControllers */ = {
			isa = PBXGroup;
			children = (
				ECEE4AAE25AA63C600D767E9 /* TrackerVC.swift */,
				ECEE4AB425AA65A100D767E9 /* SettingsVC.swift */,
				ECEE4AB125AA648900D767E9 /* StatisticsVC.swift */,
			);
			path = ViewControllers;
			sourceTree = "<group>";
		};
		ECEE4ABA25AA76A500D767E9 /* CollectionViews */ = {
			isa = PBXGroup;
			children = (
				ECF92E6B25AD16B60072F92C /* SelfConfiguringCell.swift */,
				ECF92E6E25AD172E0072F92C /* PromilleCell.swift */,
				ECF92E7325AD23080072F92C /* Section.swift */,
				ECF92E7625AD237D0072F92C /* Container.swift */,
				EC71152825AE0EF10061C9BA /* SectionHeader.swift */,
				EC71152B25AE6A650061C9BA /* StatBoxCell.swift */,
				EC3F654F25C0C763009AB5BE /* FriendCell.swift */,
				EC31484D25C492020049E125 /* ButtonsCell.swift */,
			);
			path = CollectionViews;
			sourceTree = "<group>";
		};
		ECEE4ABB25AA76BC00D767E9 /* Tools */ = {
			isa = PBXGroup;
			children = (
				ECEE4AAB25AA5F0500D767E9 /* Constants.swift */,
			);
			path = Tools;
			sourceTree = "<group>";
		};
		ECEE4ABC25AA76F900D767E9 /* Navigation */ = {
			isa = PBXGroup;
			children = (
				ECEE4AA725AA5C9000D767E9 /* TabBar.swift */,
			);
			path = Navigation;
			sourceTree = "<group>";
		};
/* End PBXGroup section */

/* Begin PBXNativeTarget section */
		ECEE4A8C25AA5BB500D767E9 /* DrinkTracker */ = {
			isa = PBXNativeTarget;
			buildConfigurationList = ECEE4AA125AA5BB700D767E9 /* Build configuration list for PBXNativeTarget "DrinkTracker" */;
			buildPhases = (
				ECEE4A8925AA5BB500D767E9 /* Sources */,
				ECEE4A8A25AA5BB500D767E9 /* Frameworks */,
				ECEE4A8B25AA5BB500D767E9 /* Resources */,
			);
			buildRules = (
			);
			dependencies = (
			);
			name = DrinkTracker;
			productName = DrinkTracker;
			productReference = ECEE4A8D25AA5BB600D767E9 /* DrinkTracker.app */;
			productType = "com.apple.product-type.application";
		};
/* End PBXNativeTarget section */

/* Begin PBXProject section */
		ECEE4A8525AA5BB500D767E9 /* Project object */ = {
			isa = PBXProject;
			attributes = {
				LastSwiftUpdateCheck = 1230;
				LastUpgradeCheck = 1230;
				TargetAttributes = {
					ECEE4A8C25AA5BB500D767E9 = {
						CreatedOnToolsVersion = 12.3;
					};
				};
			};
			buildConfigurationList = ECEE4A8825AA5BB500D767E9 /* Build configuration list for PBXProject "DrinkTracker" */;
			compatibilityVersion = "Xcode 9.3";
			developmentRegion = en;
			hasScannedForEncodings = 0;
			knownRegions = (
				en,
				Base,
			);
			mainGroup = ECEE4A8425AA5BB500D767E9;
			productRefGroup = ECEE4A8E25AA5BB600D767E9 /* Products */;
			projectDirPath = "";
			projectRoot = "";
			targets = (
				ECEE4A8C25AA5BB500D767E9 /* DrinkTracker */,
			);
		};
/* End PBXProject section */

/* Begin PBXResourcesBuildPhase section */
		ECEE4A8B25AA5BB500D767E9 /* Resources */ = {
			isa = PBXResourcesBuildPhase;
			buildActionMask = 2147483647;
			files = (
				ECEE4A9D25AA5BB700D767E9 /* LaunchScreen.storyboard in Resources */,
				ECEE4A9A25AA5BB700D767E9 /* Assets.xcassets in Resources */,
			);
			runOnlyForDeploymentPostprocessing = 0;
		};
/* End PBXResourcesBuildPhase section */

/* Begin PBXSourcesBuildPhase section */
		ECEE4A8925AA5BB500D767E9 /* Sources */ = {
			isa = PBXSourcesBuildPhase;
			buildActionMask = 2147483647;
			files = (
				EC4BA95225C37E80003A75F3 /* DTButton.swift in Sources */,
				ECEE4AAC25AA5F0500D767E9 /* Constants.swift in Sources */,
				ECF92E7725AD237D0072F92C /* Container.swift in Sources */,
				ECEE4AA825AA5C9000D767E9 /* TabBar.swift in Sources */,
				EC71152C25AE6A650061C9BA /* StatBoxCell.swift in Sources */,
				EC3F655025C0C763009AB5BE /* FriendCell.swift in Sources */,
				ECEE4A9525AA5BB600D767E9 /* ViewController.swift in Sources */,
				EC1A377225C369B80076C82A /* PromilleLabel.swift in Sources */,
				ECEE4AAF25AA63C600D767E9 /* TrackerVC.swift in Sources */,
				ECF92E7425AD23080072F92C /* Section.swift in Sources */,
				ECEE4AB225AA648900D767E9 /* StatisticsVC.swift in Sources */,
				ECEE4AB525AA65A100D767E9 /* SettingsVC.swift in Sources */,
				ECF92E6C25AD16B60072F92C /* SelfConfiguringCell.swift in Sources */,
				EC31484B25C491580049E125 /* MockData.swift in Sources */,
				ECEE4A9125AA5BB600D767E9 /* AppDelegate.swift in Sources */,
				ECEE4A9325AA5BB600D767E9 /* SceneDelegate.swift in Sources */,
				ECF92E6F25AD172E0072F92C /* PromilleCell.swift in Sources */,
				EC31484E25C492020049E125 /* ButtonsCell.swift in Sources */,
				EC71152925AE0EF10061C9BA /* SectionHeader.swift in Sources */,
			);
			runOnlyForDeploymentPostprocessing = 0;
		};
/* End PBXSourcesBuildPhase section */

/* Begin PBXVariantGroup section */
		ECEE4A9B25AA5BB700D767E9 /* LaunchScreen.storyboard */ = {
			isa = PBXVariantGroup;
			children = (
				ECEE4A9C25AA5BB700D767E9 /* Base */,
			);
			name = LaunchScreen.storyboard;
			sourceTree = "<group>";
		};
/* End PBXVariantGroup section */

/* Begin XCBuildConfiguration section */
		ECEE4A9F25AA5BB700D767E9 /* Debug */ = {
			isa = XCBuildConfiguration;
			buildSettings = {
				ALWAYS_SEARCH_USER_PATHS = NO;
				CLANG_ANALYZER_NONNULL = YES;
				CLANG_ANALYZER_NUMBER_OBJECT_CONVERSION = YES_AGGRESSIVE;
				CLANG_CXX_LANGUAGE_STANDARD = "gnu++14";
				CLANG_CXX_LIBRARY = "libc++";
				CLANG_ENABLE_MODULES = YES;
				CLANG_ENABLE_OBJC_ARC = YES;
				CLANG_ENABLE_OBJC_WEAK = YES;
				CLANG_WARN_BLOCK_CAPTURE_AUTORELEASING = YES;
				CLANG_WARN_BOOL_CONVERSION = YES;
				CLANG_WARN_COMMA = YES;
				CLANG_WARN_CONSTANT_CONVERSION = YES;
				CLANG_WARN_DEPRECATED_OBJC_IMPLEMENTATIONS = YES;
				CLANG_WARN_DIRECT_OBJC_ISA_USAGE = YES_ERROR;
				CLANG_WARN_DOCUMENTATION_COMMENTS = YES;
				CLANG_WARN_EMPTY_BODY = YES;
				CLANG_WARN_ENUM_CONVERSION = YES;
				CLANG_WARN_INFINITE_RECURSION = YES;
				CLANG_WARN_INT_CONVERSION = YES;
				CLANG_WARN_NON_LITERAL_NULL_CONVERSION = YES;
				CLANG_WARN_OBJC_IMPLICIT_RETAIN_SELF = YES;
				CLANG_WARN_OBJC_LITERAL_CONVERSION = YES;
				CLANG_WARN_OBJC_ROOT_CLASS = YES_ERROR;
				CLANG_WARN_QUOTED_INCLUDE_IN_FRAMEWORK_HEADER = YES;
				CLANG_WARN_RANGE_LOOP_ANALYSIS = YES;
				CLANG_WARN_STRICT_PROTOTYPES = YES;
				CLANG_WARN_SUSPICIOUS_MOVE = YES;
				CLANG_WARN_UNGUARDED_AVAILABILITY = YES_AGGRESSIVE;
				CLANG_WARN_UNREACHABLE_CODE = YES;
				CLANG_WARN__DUPLICATE_METHOD_MATCH = YES;
				COPY_PHASE_STRIP = NO;
				DEBUG_INFORMATION_FORMAT = dwarf;
				ENABLE_STRICT_OBJC_MSGSEND = YES;
				ENABLE_TESTABILITY = YES;
				GCC_C_LANGUAGE_STANDARD = gnu11;
				GCC_DYNAMIC_NO_PIC = NO;
				GCC_NO_COMMON_BLOCKS = YES;
				GCC_OPTIMIZATION_LEVEL = 0;
				GCC_PREPROCESSOR_DEFINITIONS = (
					"DEBUG=1",
					"$(inherited)",
				);
				GCC_WARN_64_TO_32_BIT_CONVERSION = YES;
				GCC_WARN_ABOUT_RETURN_TYPE = YES_ERROR;
				GCC_WARN_UNDECLARED_SELECTOR = YES;
				GCC_WARN_UNINITIALIZED_AUTOS = YES_AGGRESSIVE;
				GCC_WARN_UNUSED_FUNCTION = YES;
				GCC_WARN_UNUSED_VARIABLE = YES;
				IPHONEOS_DEPLOYMENT_TARGET = 14.3;
				MTL_ENABLE_DEBUG_INFO = INCLUDE_SOURCE;
				MTL_FAST_MATH = YES;
				ONLY_ACTIVE_ARCH = YES;
				SDKROOT = iphoneos;
				SWIFT_ACTIVE_COMPILATION_CONDITIONS = DEBUG;
				SWIFT_OPTIMIZATION_LEVEL = "-Onone";
			};
			name = Debug;
		};
		ECEE4AA025AA5BB700D767E9 /* Release */ = {
			isa = XCBuildConfiguration;
			buildSettings = {
				ALWAYS_SEARCH_USER_PATHS = NO;
				CLANG_ANALYZER_NONNULL = YES;
				CLANG_ANALYZER_NUMBER_OBJECT_CONVERSION = YES_AGGRESSIVE;
				CLANG_CXX_LANGUAGE_STANDARD = "gnu++14";
				CLANG_CXX_LIBRARY = "libc++";
				CLANG_ENABLE_MODULES = YES;
				CLANG_ENABLE_OBJC_ARC = YES;
				CLANG_ENABLE_OBJC_WEAK = YES;
				CLANG_WARN_BLOCK_CAPTURE_AUTORELEASING = YES;
				CLANG_WARN_BOOL_CONVERSION = YES;
				CLANG_WARN_COMMA = YES;
				CLANG_WARN_CONSTANT_CONVERSION = YES;
				CLANG_WARN_DEPRECATED_OBJC_IMPLEMENTATIONS = YES;
				CLANG_WARN_DIRECT_OBJC_ISA_USAGE = YES_ERROR;
				CLANG_WARN_DOCUMENTATION_COMMENTS = YES;
				CLANG_WARN_EMPTY_BODY = YES;
				CLANG_WARN_ENUM_CONVERSION = YES;
				CLANG_WARN_INFINITE_RECURSION = YES;
				CLANG_WARN_INT_CONVERSION = YES;
				CLANG_WARN_NON_LITERAL_NULL_CONVERSION = YES;
				CLANG_WARN_OBJC_IMPLICIT_RETAIN_SELF = YES;
				CLANG_WARN_OBJC_LITERAL_CONVERSION = YES;
				CLANG_WARN_OBJC_ROOT_CLASS = YES_ERROR;
				CLANG_WARN_QUOTED_INCLUDE_IN_FRAMEWORK_HEADER = YES;
				CLANG_WARN_RANGE_LOOP_ANALYSIS = YES;
				CLANG_WARN_STRICT_PROTOTYPES = YES;
				CLANG_WARN_SUSPICIOUS_MOVE = YES;
				CLANG_WARN_UNGUARDED_AVAILABILITY = YES_AGGRESSIVE;
				CLANG_WARN_UNREACHABLE_CODE = YES;
				CLANG_WARN__DUPLICATE_METHOD_MATCH = YES;
				COPY_PHASE_STRIP = NO;
				DEBUG_INFORMATION_FORMAT = "dwarf-with-dsym";
				ENABLE_NS_ASSERTIONS = NO;
				ENABLE_STRICT_OBJC_MSGSEND = YES;
				GCC_C_LANGUAGE_STANDARD = gnu11;
				GCC_NO_COMMON_BLOCKS = YES;
				GCC_WARN_64_TO_32_BIT_CONVERSION = YES;
				GCC_WARN_ABOUT_RETURN_TYPE = YES_ERROR;
				GCC_WARN_UNDECLARED_SELECTOR = YES;
				GCC_WARN_UNINITIALIZED_AUTOS = YES_AGGRESSIVE;
				GCC_WARN_UNUSED_FUNCTION = YES;
				GCC_WARN_UNUSED_VARIABLE = YES;
				IPHONEOS_DEPLOYMENT_TARGET = 14.3;
				MTL_ENABLE_DEBUG_INFO = NO;
				MTL_FAST_MATH = YES;
				SDKROOT = iphoneos;
				SWIFT_COMPILATION_MODE = wholemodule;
				SWIFT_OPTIMIZATION_LEVEL = "-O";
				VALIDATE_PRODUCT = YES;
			};
			name = Release;
		};
		ECEE4AA225AA5BB700D767E9 /* Debug */ = {
			isa = XCBuildConfiguration;
			buildSettings = {
				ASSETCATALOG_COMPILER_APPICON_NAME = AppIcon;
				ASSETCATALOG_COMPILER_GLOBAL_ACCENT_COLOR_NAME = AccentColor;
				CODE_SIGN_STYLE = Automatic;
				DEVELOPMENT_TEAM = V2C5LJ74Z2;
				INFOPLIST_FILE = DrinkTracker/Info.plist;
				LD_RUNPATH_SEARCH_PATHS = (
					"$(inherited)",
					"@executable_path/Frameworks",
				);
				PRODUCT_BUNDLE_IDENTIFIER = com.juhoalin.DrinkTracker;
				PRODUCT_NAME = "$(TARGET_NAME)";
				SWIFT_VERSION = 5.0;
				TARGETED_DEVICE_FAMILY = "1,2";
			};
			name = Debug;
		};
		ECEE4AA325AA5BB700D767E9 /* Release */ = {
			isa = XCBuildConfiguration;
			buildSettings = {
				ASSETCATALOG_COMPILER_APPICON_NAME = AppIcon;
				ASSETCATALOG_COMPILER_GLOBAL_ACCENT_COLOR_NAME = AccentColor;
				CODE_SIGN_STYLE = Automatic;
				DEVELOPMENT_TEAM = V2C5LJ74Z2;
				INFOPLIST_FILE = DrinkTracker/Info.plist;
				LD_RUNPATH_SEARCH_PATHS = (
					"$(inherited)",
					"@executable_path/Frameworks",
				);
				PRODUCT_BUNDLE_IDENTIFIER = com.juhoalin.DrinkTracker;
				PRODUCT_NAME = "$(TARGET_NAME)";
				SWIFT_VERSION = 5.0;
				TARGETED_DEVICE_FAMILY = "1,2";
			};
			name = Release;
		};
/* End XCBuildConfiguration section */

/* Begin XCConfigurationList section */
		ECEE4A8825AA5BB500D767E9 /* Build configuration list for PBXProject "DrinkTracker" */ = {
			isa = XCConfigurationList;
			buildConfigurations = (
				ECEE4A9F25AA5BB700D767E9 /* Debug */,
				ECEE4AA025AA5BB700D767E9 /* Release */,
			);
			defaultConfigurationIsVisible = 0;
			defaultConfigurationName = Release;
		};
		ECEE4AA125AA5BB700D767E9 /* Build configuration list for PBXNativeTarget "DrinkTracker" */ = {
			isa = XCConfigurationList;
			buildConfigurations = (
				ECEE4AA225AA5BB700D767E9 /* Debug */,
				ECEE4AA325AA5BB700D767E9 /* Release */,
			);
			defaultConfigurationIsVisible = 0;
			defaultConfigurationName = Release;
		};
/* End XCConfigurationList section */
	};
	rootObject = ECEE4A8525AA5BB500D767E9 /* Project object */;
}
